// !$*UTF8*$!
{
	archiveVersion = 1;
	classes = {
	};
	objectVersion = 46;
	objects = {

/* Begin PBXBuildFile section */
		B1175C5A15E3FBEE002FBFF1 /* UIKit.framework in Frameworks */ = {isa = PBXBuildFile; fileRef = B1175C5915E3FBEE002FBFF1 /* UIKit.framework */; };
		B1175C5C15E3FBEE002FBFF1 /* Foundation.framework in Frameworks */ = {isa = PBXBuildFile; fileRef = B1175C5B15E3FBEE002FBFF1 /* Foundation.framework */; };
		B1175C5E15E3FBEE002FBFF1 /* CoreGraphics.framework in Frameworks */ = {isa = PBXBuildFile; fileRef = B1175C5D15E3FBEE002FBFF1 /* CoreGraphics.framework */; };
		B1175C6415E3FBEE002FBFF1 /* InfoPlist.strings in Resources */ = {isa = PBXBuildFile; fileRef = B1175C6215E3FBEE002FBFF1 /* InfoPlist.strings */; };
		B1175C6615E3FBEE002FBFF1 /* main.m in Sources */ = {isa = PBXBuildFile; fileRef = B1175C6515E3FBEE002FBFF1 /* main.m */; };
		B1175C6A15E3FBEE002FBFF1 /* AppDelegate.m in Sources */ = {isa = PBXBuildFile; fileRef = B1175C6915E3FBEE002FBFF1 /* AppDelegate.m */; };
		B1175C6D15E3FBEE002FBFF1 /* MainStoryboard_iPhone.storyboard in Resources */ = {isa = PBXBuildFile; fileRef = B1175C6B15E3FBEE002FBFF1 /* MainStoryboard_iPhone.storyboard */; };
		B1175C7015E3FBEE002FBFF1 /* MainStoryboard_iPad.storyboard in Resources */ = {isa = PBXBuildFile; fileRef = B1175C6E15E3FBEE002FBFF1 /* MainStoryboard_iPad.storyboard */; };
		B1175C7315E3FBEE002FBFF1 /* ViewController.m in Sources */ = {isa = PBXBuildFile; fileRef = B1175C7215E3FBEE002FBFF1 /* ViewController.m */; };
		B1175C9215E3FC07002FBFF1 /* QuartzCore.framework in Frameworks */ = {isa = PBXBuildFile; fileRef = B1175C9115E3FC07002FBFF1 /* QuartzCore.framework */; };
		B1175C9515E3FC13002FBFF1 /* PopoverView.m in Sources */ = {isa = PBXBuildFile; fileRef = B1175C9415E3FC13002FBFF1 /* PopoverView.m */; };
		B14F47581603A267003EC4FF /* error.png in Resources */ = {isa = PBXBuildFile; fileRef = B14F47541603A267003EC4FF /* error.png */; };
		B14F47591603A267003EC4FF /* error@2x.png in Resources */ = {isa = PBXBuildFile; fileRef = B14F47551603A267003EC4FF /* error@2x.png */; };
		B14F475A1603A267003EC4FF /* success.png in Resources */ = {isa = PBXBuildFile; fileRef = B14F47561603A267003EC4FF /* success.png */; };
		B14F475B1603A267003EC4FF /* success@2x.png in Resources */ = {isa = PBXBuildFile; fileRef = B14F47571603A267003EC4FF /* success@2x.png */; };
		B1ACBE981603859A006F8461 /* OCDaysView.m in Sources */ = {isa = PBXBuildFile; fileRef = B1ACBE971603859A006F8461 /* OCDaysView.m */; };
/* End PBXBuildFile section */

/* Begin PBXFileReference section */
		0867719D1689B04F00ED150F /* PopoverView_Configuration.h */ = {isa = PBXFileReference; lastKnownFileType = sourcecode.c.h; path = PopoverView_Configuration.h; sourceTree = "<group>"; };
		B1175C5515E3FBEE002FBFF1 /* popover.app */ = {isa = PBXFileReference; explicitFileType = wrapper.application; includeInIndex = 0; path = popover.app; sourceTree = BUILT_PRODUCTS_DIR; };
		B1175C5915E3FBEE002FBFF1 /* UIKit.framework */ = {isa = PBXFileReference; lastKnownFileType = wrapper.framework; name = UIKit.framework; path = System/Library/Frameworks/UIKit.framework; sourceTree = SDKROOT; };
		B1175C5B15E3FBEE002FBFF1 /* Foundation.framework */ = {isa = PBXFileReference; lastKnownFileType = wrapper.framework; name = Foundation.framework; path = System/Library/Frameworks/Foundation.framework; sourceTree = SDKROOT; };
		B1175C5D15E3FBEE002FBFF1 /* CoreGraphics.framework */ = {isa = PBXFileReference; lastKnownFileType = wrapper.framework; name = CoreGraphics.framework; path = System/Library/Frameworks/CoreGraphics.framework; sourceTree = SDKROOT; };
		B1175C6115E3FBEE002FBFF1 /* popover-Info.plist */ = {isa = PBXFileReference; lastKnownFileType = text.plist.xml; path = "popover-Info.plist"; sourceTree = "<group>"; };
		B1175C6315E3FBEE002FBFF1 /* en */ = {isa = PBXFileReference; lastKnownFileType = text.plist.strings; name = en; path = en.lproj/InfoPlist.strings; sourceTree = "<group>"; };
		B1175C6515E3FBEE002FBFF1 /* main.m */ = {isa = PBXFileReference; lastKnownFileType = sourcecode.c.objc; path = main.m; sourceTree = "<group>"; };
		B1175C6715E3FBEE002FBFF1 /* popover-Prefix.pch */ = {isa = PBXFileReference; lastKnownFileType = sourcecode.c.h; path = "popover-Prefix.pch"; sourceTree = "<group>"; };
		B1175C6815E3FBEE002FBFF1 /* AppDelegate.h */ = {isa = PBXFileReference; lastKnownFileType = sourcecode.c.h; path = AppDelegate.h; sourceTree = "<group>"; };
		B1175C6915E3FBEE002FBFF1 /* AppDelegate.m */ = {isa = PBXFileReference; lastKnownFileType = sourcecode.c.objc; path = AppDelegate.m; sourceTree = "<group>"; };
		B1175C6C15E3FBEE002FBFF1 /* en */ = {isa = PBXFileReference; lastKnownFileType = file.storyboard; name = en; path = en.lproj/MainStoryboard_iPhone.storyboard; sourceTree = "<group>"; };
		B1175C6F15E3FBEE002FBFF1 /* en */ = {isa = PBXFileReference; lastKnownFileType = file.storyboard; name = en; path = en.lproj/MainStoryboard_iPad.storyboard; sourceTree = "<group>"; };
		B1175C7115E3FBEE002FBFF1 /* ViewController.h */ = {isa = PBXFileReference; lastKnownFileType = sourcecode.c.h; path = ViewController.h; sourceTree = "<group>"; };
		B1175C7215E3FBEE002FBFF1 /* ViewController.m */ = {isa = PBXFileReference; lastKnownFileType = sourcecode.c.objc; path = ViewController.m; sourceTree = "<group>"; };
		B1175C7A15E3FBEE002FBFF1 /* SenTestingKit.framework */ = {isa = PBXFileReference; lastKnownFileType = wrapper.framework; name = SenTestingKit.framework; path = Library/Frameworks/SenTestingKit.framework; sourceTree = DEVELOPER_DIR; };
		B1175C9115E3FC07002FBFF1 /* QuartzCore.framework */ = {isa = PBXFileReference; lastKnownFileType = wrapper.framework; name = QuartzCore.framework; path = System/Library/Frameworks/QuartzCore.framework; sourceTree = SDKROOT; };
		B1175C9315E3FC13002FBFF1 /* PopoverView.h */ = {isa = PBXFileReference; fileEncoding = 4; lastKnownFileType = sourcecode.c.h; path = PopoverView.h; sourceTree = "<group>"; };
		B1175C9415E3FC13002FBFF1 /* PopoverView.m */ = {isa = PBXFileReference; fileEncoding = 4; lastKnownFileType = sourcecode.c.objc; path = PopoverView.m; sourceTree = "<group>"; };
		B14F47541603A267003EC4FF /* error.png */ = {isa = PBXFileReference; lastKnownFileType = image.png; name = error.png; path = popover/Images/error.png; sourceTree = SOURCE_ROOT; };
		B14F47551603A267003EC4FF /* error@2x.png */ = {isa = PBXFileReference; lastKnownFileType = image.png; name = "error@2x.png"; path = "popover/Images/error@2x.png"; sourceTree = SOURCE_ROOT; };
		B14F47561603A267003EC4FF /* success.png */ = {isa = PBXFileReference; lastKnownFileType = image.png; name = success.png; path = popover/Images/success.png; sourceTree = SOURCE_ROOT; };
		B14F47571603A267003EC4FF /* success@2x.png */ = {isa = PBXFileReference; lastKnownFileType = image.png; name = "success@2x.png"; path = "popover/Images/success@2x.png"; sourceTree = SOURCE_ROOT; };
		B1ACBE961603859A006F8461 /* OCDaysView.h */ = {isa = PBXFileReference; fileEncoding = 4; lastKnownFileType = sourcecode.c.h; path = OCDaysView.h; sourceTree = "<group>"; };
		B1ACBE971603859A006F8461 /* OCDaysView.m */ = {isa = PBXFileReference; fileEncoding = 4; lastKnownFileType = sourcecode.c.objc; path = OCDaysView.m; sourceTree = "<group>"; };
/* End PBXFileReference section */

/* Begin PBXFrameworksBuildPhase section */
		B1175C5215E3FBEE002FBFF1 /* Frameworks */ = {
			isa = PBXFrameworksBuildPhase;
			buildActionMask = 2147483647;
			files = (
				B1175C9215E3FC07002FBFF1 /* QuartzCore.framework in Frameworks */,
				B1175C5A15E3FBEE002FBFF1 /* UIKit.framework in Frameworks */,
				B1175C5C15E3FBEE002FBFF1 /* Foundation.framework in Frameworks */,
				B1175C5E15E3FBEE002FBFF1 /* CoreGraphics.framework in Frameworks */,
			);
			runOnlyForDeploymentPostprocessing = 0;
		};
/* End PBXFrameworksBuildPhase section */

/* Begin PBXGroup section */
		B1175C4A15E3FBEE002FBFF1 = {
			isa = PBXGroup;
			children = (
				B1175C9115E3FC07002FBFF1 /* QuartzCore.framework */,
				B1175C5F15E3FBEE002FBFF1 /* popover */,
				B1175C5815E3FBEE002FBFF1 /* Frameworks */,
				B1175C5615E3FBEE002FBFF1 /* Products */,
			);
			sourceTree = "<group>";
		};
		B1175C5615E3FBEE002FBFF1 /* Products */ = {
			isa = PBXGroup;
			children = (
				B1175C5515E3FBEE002FBFF1 /* popover.app */,
			);
			name = Products;
			sourceTree = "<group>";
		};
		B1175C5815E3FBEE002FBFF1 /* Frameworks */ = {
			isa = PBXGroup;
			children = (
				B1175C5915E3FBEE002FBFF1 /* UIKit.framework */,
				B1175C5B15E3FBEE002FBFF1 /* Foundation.framework */,
				B1175C5D15E3FBEE002FBFF1 /* CoreGraphics.framework */,
				B1175C7A15E3FBEE002FBFF1 /* SenTestingKit.framework */,
			);
			name = Frameworks;
			sourceTree = "<group>";
		};
		B1175C5F15E3FBEE002FBFF1 /* popover */ = {
			isa = PBXGroup;
			children = (
				B1ACBE941603858D006F8461 /* Demo Calendar View - Not Important */,
				B1C7262515EE822B008C4D05 /* PopoverView */,
				B1ACBE991603A040006F8461 /* Demo */,
				B1175C6015E3FBEE002FBFF1 /* Supporting Files */,
			);
			path = popover;
			sourceTree = "<group>";
		};
		B1175C6015E3FBEE002FBFF1 /* Supporting Files */ = {
			isa = PBXGroup;
			children = (
				B1C7262415EE8222008C4D05 /* Images */,
				B1175C6115E3FBEE002FBFF1 /* popover-Info.plist */,
				B1175C6515E3FBEE002FBFF1 /* main.m */,
				B1175C6715E3FBEE002FBFF1 /* popover-Prefix.pch */,
				B1175C6215E3FBEE002FBFF1 /* InfoPlist.strings */,
			);
			name = "Supporting Files";
			path = Demo;
			sourceTree = "<group>";
		};
		B1ACBE941603858D006F8461 /* Demo Calendar View - Not Important */ = {
			isa = PBXGroup;
			children = (
				B1ACBE961603859A006F8461 /* OCDaysView.h */,
				B1ACBE971603859A006F8461 /* OCDaysView.m */,
			);
			name = "Demo Calendar View - Not Important";
			path = "Demo/Calendar View";
			sourceTree = "<group>";
		};
		B1ACBE991603A040006F8461 /* Demo */ = {
			isa = PBXGroup;
			children = (
				B1175C6815E3FBEE002FBFF1 /* AppDelegate.h */,
				B1175C6915E3FBEE002FBFF1 /* AppDelegate.m */,
				B1175C6B15E3FBEE002FBFF1 /* MainStoryboard_iPhone.storyboard */,
				B1175C6E15E3FBEE002FBFF1 /* MainStoryboard_iPad.storyboard */,
				B1175C7115E3FBEE002FBFF1 /* ViewController.h */,
				B1175C7215E3FBEE002FBFF1 /* ViewController.m */,
			);
			path = Demo;
			sourceTree = "<group>";
		};
		B1C7262415EE8222008C4D05 /* Images */ = {
			isa = PBXGroup;
			children = (
				B14F47541603A267003EC4FF /* error.png */,
				B14F47551603A267003EC4FF /* error@2x.png */,
				B14F47561603A267003EC4FF /* success.png */,
				B14F47571603A267003EC4FF /* success@2x.png */,
			);
			path = Images;
			sourceTree = "<group>";
		};
		B1C7262515EE822B008C4D05 /* PopoverView */ = {
			isa = PBXGroup;
			children = (
				B1175C9315E3FC13002FBFF1 /* PopoverView.h */,
				0867719D1689B04F00ED150F /* PopoverView_Configuration.h */,
				B1175C9415E3FC13002FBFF1 /* PopoverView.m */,
			);
			name = PopoverView;
			path = ../PopoverView;
			sourceTree = "<group>";
		};
/* End PBXGroup section */

/* Begin PBXNativeTarget section */
		B1175C5415E3FBEE002FBFF1 /* popover */ = {
			isa = PBXNativeTarget;
			buildConfigurationList = B1175C8B15E3FBEE002FBFF1 /* Build configuration list for PBXNativeTarget "popover" */;
			buildPhases = (
				B1175C5115E3FBEE002FBFF1 /* Sources */,
				B1175C5215E3FBEE002FBFF1 /* Frameworks */,
				B1175C5315E3FBEE002FBFF1 /* Resources */,
			);
			buildRules = (
			);
			dependencies = (
			);
			name = popover;
			productName = popover;
			productReference = B1175C5515E3FBEE002FBFF1 /* popover.app */;
			productType = "com.apple.product-type.application";
		};
/* End PBXNativeTarget section */

/* Begin PBXProject section */
		B1175C4C15E3FBEE002FBFF1 /* Project object */ = {
			isa = PBXProject;
			attributes = {
				LastUpgradeCheck = 0440;
				ORGANIZATIONNAME = "Oliver Rickard";
			};
			buildConfigurationList = B1175C4F15E3FBEE002FBFF1 /* Build configuration list for PBXProject "popover" */;
			compatibilityVersion = "Xcode 3.2";
			developmentRegion = English;
			hasScannedForEncodings = 0;
			knownRegions = (
				en,
			);
			mainGroup = B1175C4A15E3FBEE002FBFF1;
			productRefGroup = B1175C5615E3FBEE002FBFF1 /* Products */;
			projectDirPath = "";
			projectRoot = "";
			targets = (
				B1175C5415E3FBEE002FBFF1 /* popover */,
			);
		};
/* End PBXProject section */

/* Begin PBXResourcesBuildPhase section */
		B1175C5315E3FBEE002FBFF1 /* Resources */ = {
			isa = PBXResourcesBuildPhase;
			buildActionMask = 2147483647;
			files = (
				B1175C6415E3FBEE002FBFF1 /* InfoPlist.strings in Resources */,
				B1175C6D15E3FBEE002FBFF1 /* MainStoryboard_iPhone.storyboard in Resources */,
				B1175C7015E3FBEE002FBFF1 /* MainStoryboard_iPad.storyboard in Resources */,
				B14F47581603A267003EC4FF /* error.png in Resources */,
				B14F47591603A267003EC4FF /* error@2x.png in Resources */,
				B14F475A1603A267003EC4FF /* success.png in Resources */,
				B14F475B1603A267003EC4FF /* success@2x.png in Resources */,
			);
			runOnlyForDeploymentPostprocessing = 0;
		};
/* End PBXResourcesBuildPhase section */

/* Begin PBXSourcesBuildPhase section */
		B1175C5115E3FBEE002FBFF1 /* Sources */ = {
			isa = PBXSourcesBuildPhase;
			buildActionMask = 2147483647;
			files = (
				B1175C6615E3FBEE002FBFF1 /* main.m in Sources */,
				B1175C6A15E3FBEE002FBFF1 /* AppDelegate.m in Sources */,
				B1175C7315E3FBEE002FBFF1 /* ViewController.m in Sources */,
				B1175C9515E3FC13002FBFF1 /* PopoverView.m in Sources */,
				B1ACBE981603859A006F8461 /* OCDaysView.m in Sources */,
			);
			runOnlyForDeploymentPostprocessing = 0;
		};
/* End PBXSourcesBuildPhase section */

/* Begin PBXVariantGroup section */
		B1175C6215E3FBEE002FBFF1 /* InfoPlist.strings */ = {
			isa = PBXVariantGroup;
			children = (
				B1175C6315E3FBEE002FBFF1 /* en */,
			);
			name = InfoPlist.strings;
			sourceTree = "<group>";
		};
		B1175C6B15E3FBEE002FBFF1 /* MainStoryboard_iPhone.storyboard */ = {
			isa = PBXVariantGroup;
			children = (
				B1175C6C15E3FBEE002FBFF1 /* en */,
			);
			name = MainStoryboard_iPhone.storyboard;
			sourceTree = "<group>";
		};
		B1175C6E15E3FBEE002FBFF1 /* MainStoryboard_iPad.storyboard */ = {
			isa = PBXVariantGroup;
			children = (
				B1175C6F15E3FBEE002FBFF1 /* en */,
			);
			name = MainStoryboard_iPad.storyboard;
			sourceTree = "<group>";
		};
/* End PBXVariantGroup section */

/* Begin XCBuildConfiguration section */
		B1175C8915E3FBEE002FBFF1 /* Debug */ = {
			isa = XCBuildConfiguration;
			buildSettings = {
				ALWAYS_SEARCH_USER_PATHS = NO;
				ARCHS = "$(ARCHS_STANDARD_32_BIT)";
				CLANG_CXX_LANGUAGE_STANDARD = "gnu++0x";
				CLANG_WARN__DUPLICATE_METHOD_MATCH = YES;
				"CODE_SIGN_IDENTITY[sdk=iphoneos*]" = "iPhone Developer";
				COPY_PHASE_STRIP = NO;
				GCC_C_LANGUAGE_STANDARD = gnu99;
				GCC_DYNAMIC_NO_PIC = NO;
				GCC_OPTIMIZATION_LEVEL = 0;
				GCC_PREPROCESSOR_DEFINITIONS = (
					"DEBUG=1",
					"$(inherited)",
				);
				GCC_SYMBOLS_PRIVATE_EXTERN = NO;
				GCC_VERSION = com.apple.compilers.llvm.clang.1_0;
				GCC_WARN_ABOUT_RETURN_TYPE = YES;
				GCC_WARN_UNINITIALIZED_AUTOS = YES;
				GCC_WARN_UNUSED_VARIABLE = YES;
				IPHONEOS_DEPLOYMENT_TARGET = 5.1;
				SDKROOT = iphoneos;
				TARGETED_DEVICE_FAMILY = "1,2";
			};
			name = Debug;
		};
		B1175C8A15E3FBEE002FBFF1 /* Release */ = {
			isa = XCBuildConfiguration;
			buildSettings = {
				ALWAYS_SEARCH_USER_PATHS = NO;
				ARCHS = "$(ARCHS_STANDARD_32_BIT)";
				CLANG_CXX_LANGUAGE_STANDARD = "gnu++0x";
				CLANG_WARN__DUPLICATE_METHOD_MATCH = YES;
				"CODE_SIGN_IDENTITY[sdk=iphoneos*]" = "iPhone Developer";
				COPY_PHASE_STRIP = YES;
				GCC_C_LANGUAGE_STANDARD = gnu99;
				GCC_VERSION = com.apple.compilers.llvm.clang.1_0;
				GCC_WARN_ABOUT_RETURN_TYPE = YES;
				GCC_WARN_UNINITIALIZED_AUTOS = YES;
				GCC_WARN_UNUSED_VARIABLE = YES;
				IPHONEOS_DEPLOYMENT_TARGET = 5.1;
				OTHER_CFLAGS = "-DNS_BLOCK_ASSERTIONS=1";
				SDKROOT = iphoneos;
				TARGETED_DEVICE_FAMILY = "1,2";
				VALIDATE_PRODUCT = YES;
			};
			name = Release;
		};
		B1175C8C15E3FBEE002FBFF1 /* Debug */ = {
			isa = XCBuildConfiguration;
			buildSettings = {
				CODE_SIGN_IDENTITY = "iPhone Developer: Oliver Rickard (M2X353B497)";
				"CODE_SIGN_IDENTITY[sdk=iphoneos*]" = "iPhone Developer: Oliver Rickard (M2X353B497)";
				GCC_PRECOMPILE_PREFIX_HEADER = YES;
				GCC_PREFIX_HEADER = "popover/Demo/popover-Prefix.pch";
				INFOPLIST_FILE = "popover/Demo/popover-Info.plist";
				PRODUCT_NAME = "$(TARGET_NAME)";
				PROVISIONING_PROFILE = "C183E71C-4BA9-4B64-B7E5-BA551FF1F744";
				"PROVISIONING_PROFILE[sdk=iphoneos*]" = "C183E71C-4BA9-4B64-B7E5-BA551FF1F744";
				WRAPPER_EXTENSION = app;
			};
			name = Debug;
		};
		B1175C8D15E3FBEE002FBFF1 /* Release */ = {
			isa = XCBuildConfiguration;
			buildSettings = {
				GCC_PRECOMPILE_PREFIX_HEADER = YES;
				GCC_PREFIX_HEADER = "popover/Demo/popover-Prefix.pch";
				INFOPLIST_FILE = "popover/Demo/popover-Info.plist";
				PRODUCT_NAME = "$(TARGET_NAME)";
				WRAPPER_EXTENSION = app;
			};
			name = Release;
		};
/* End XCBuildConfiguration section */

/* Begin XCConfigurationList section */
		B1175C4F15E3FBEE002FBFF1 /* Build configuration list for PBXProject "popover" */ = {
			isa = XCConfigurationList;
			buildConfigurations = (
				B1175C8915E3FBEE002FBFF1 /* Debug */,
				B1175C8A15E3FBEE002FBFF1 /* Release */,
			);
			defaultConfigurationIsVisible = 0;
			defaultConfigurationName = Release;
		};
		B1175C8B15E3FBEE002FBFF1 /* Build configuration list for PBXNativeTarget "popover" */ = {
			isa = XCConfigurationList;
			buildConfigurations = (
				B1175C8C15E3FBEE002FBFF1 /* Debug */,
				B1175C8D15E3FBEE002FBFF1 /* Release */,
			);
			defaultConfigurationIsVisible = 0;
			defaultConfigurationName = Release;
		};
/* End XCConfigurationList section */
	};
	rootObject = B1175C4C15E3FBEE002FBFF1 /* Project object */;
}
